// !$*UTF8*$!
{
	archiveVersion = 1;
	classes = {
	};
	objectVersion = 46;
	objects = {

/* Begin PBXBuildFile section */
		3083835F1924AFE5008A958F /* Cocoa.framework in Frameworks */ = {isa = PBXBuildFile; fileRef = 3083835E1924AFE5008A958F /* Cocoa.framework */; };
		308383691924AFE5008A958F /* InfoPlist.strings in Resources */ = {isa = PBXBuildFile; fileRef = 308383671924AFE5008A958F /* InfoPlist.strings */; };
		3083836B1924AFE5008A958F /* main.m in Sources */ = {isa = PBXBuildFile; fileRef = 3083836A1924AFE5008A958F /* main.m */; };
		3083836F1924AFE5008A958F /* Credits.rtf in Resources */ = {isa = PBXBuildFile; fileRef = 3083836D1924AFE5008A958F /* Credits.rtf */; };
		308383721924AFE5008A958F /* DYAppDelegate.m in Sources */ = {isa = PBXBuildFile; fileRef = 308383711924AFE5008A958F /* DYAppDelegate.m */; };
		308383751924AFE5008A958F /* MainMenu.xib in Resources */ = {isa = PBXBuildFile; fileRef = 308383731924AFE5008A958F /* MainMenu.xib */; };
		308383771924AFE5008A958F /* Images.xcassets in Resources */ = {isa = PBXBuildFile; fileRef = 308383761924AFE5008A958F /* Images.xcassets */; };
		3083837E1924AFE5008A958F /* XCTest.framework in Frameworks */ = {isa = PBXBuildFile; fileRef = 3083837D1924AFE5008A958F /* XCTest.framework */; };
		3083837F1924AFE5008A958F /* Cocoa.framework in Frameworks */ = {isa = PBXBuildFile; fileRef = 3083835E1924AFE5008A958F /* Cocoa.framework */; };
		308383871924AFE5008A958F /* InfoPlist.strings in Resources */ = {isa = PBXBuildFile; fileRef = 308383851924AFE5008A958F /* InfoPlist.strings */; };
		308383891924AFE5008A958F /* ListRunningApplicationTests.m in Sources */ = {isa = PBXBuildFile; fileRef = 308383881924AFE5008A958F /* ListRunningApplicationTests.m */; };
/* End PBXBuildFile section */

/* Begin PBXContainerItemProxy section */
		308383801924AFE5008A958F /* PBXContainerItemProxy */ = {
			isa = PBXContainerItemProxy;
			containerPortal = 308383531924AFE5008A958F /* Project object */;
			proxyType = 1;
			remoteGlobalIDString = 3083835A1924AFE5008A958F;
			remoteInfo = ListRunningApplication;
		};
/* End PBXContainerItemProxy section */

/* Begin PBXFileReference section */
		3083835B1924AFE5008A958F /* ListRunningApplication.app */ = {isa = PBXFileReference; explicitFileType = wrapper.application; includeInIndex = 0; path = ListRunningApplication.app; sourceTree = BUILT_PRODUCTS_DIR; };
		3083835E1924AFE5008A958F /* Cocoa.framework */ = {isa = PBXFileReference; lastKnownFileType = wrapper.framework; name = Cocoa.framework; path = System/Library/Frameworks/Cocoa.framework; sourceTree = SDKROOT; };
		308383611924AFE5008A958F /* AppKit.framework */ = {isa = PBXFileReference; lastKnownFileType = wrapper.framework; name = AppKit.framework; path = System/Library/Frameworks/AppKit.framework; sourceTree = SDKROOT; };
		308383621924AFE5008A958F /* CoreData.framework */ = {isa = PBXFileReference; lastKnownFileType = wrapper.framework; name = CoreData.framework; path = System/Library/Frameworks/CoreData.framework; sourceTree = SDKROOT; };
		308383631924AFE5008A958F /* Foundation.framework */ = {isa = PBXFileReference; lastKnownFileType = wrapper.framework; name = Foundation.framework; path = System/Library/Frameworks/Foundation.framework; sourceTree = SDKROOT; };
		308383661924AFE5008A958F /* ListRunningApplication-Info.plist */ = {isa = PBXFileReference; lastKnownFileType = text.plist.xml; path = "ListRunningApplication-Info.plist"; sourceTree = "<group>"; };
		308383681924AFE5008A958F /* en */ = {isa = PBXFileReference; lastKnownFileType = text.plist.strings; name = en; path = en.lproj/InfoPlist.strings; sourceTree = "<group>"; };
		3083836A1924AFE5008A958F /* main.m */ = {isa = PBXFileReference; lastKnownFileType = sourcecode.c.objc; path = main.m; sourceTree = "<group>"; };
		3083836C1924AFE5008A958F /* ListRunningApplication-Prefix.pch */ = {isa = PBXFileReference; lastKnownFileType = sourcecode.c.h; path = "ListRunningApplication-Prefix.pch"; sourceTree = "<group>"; };
		3083836E1924AFE5008A958F /* en */ = {isa = PBXFileReference; lastKnownFileType = text.rtf; name = en; path = en.lproj/Credits.rtf; sourceTree = "<group>"; };
		308383701924AFE5008A958F /* DYAppDelegate.h */ = {isa = PBXFileReference; lastKnownFileType = sourcecode.c.h; path = DYAppDelegate.h; sourceTree = "<group>"; };
		308383711924AFE5008A958F /* DYAppDelegate.m */ = {isa = PBXFileReference; lastKnownFileType = sourcecode.c.objc; path = DYAppDelegate.m; sourceTree = "<group>"; };
		308383741924AFE5008A958F /* Base */ = {isa = PBXFileReference; lastKnownFileType = file.xib; name = Base; path = Base.lproj/MainMenu.xib; sourceTree = "<group>"; };
		308383761924AFE5008A958F /* Images.xcassets */ = {isa = PBXFileReference; lastKnownFileType = folder.assetcatalog; path = Images.xcassets; sourceTree = "<group>"; };
		3083837C1924AFE5008A958F /* ListRunningApplicationTests.xctest */ = {isa = PBXFileReference; explicitFileType = wrapper.cfbundle; includeInIndex = 0; path = ListRunningApplicationTests.xctest; sourceTree = BUILT_PRODUCTS_DIR; };
		3083837D1924AFE5008A958F /* XCTest.framework */ = {isa = PBXFileReference; lastKnownFileType = wrapper.framework; name = XCTest.framework; path = Library/Frameworks/XCTest.framework; sourceTree = DEVELOPER_DIR; };
		308383841924AFE5008A958F /* ListRunningApplicationTests-Info.plist */ = {isa = PBXFileReference; lastKnownFileType = text.plist.xml; path = "ListRunningApplicationTests-Info.plist"; sourceTree = "<group>"; };
		308383861924AFE5008A958F /* en */ = {isa = PBXFileReference; lastKnownFileType = text.plist.strings; name = en; path = en.lproj/InfoPlist.strings; sourceTree = "<group>"; };
		308383881924AFE5008A958F /* ListRunningApplicationTests.m */ = {isa = PBXFileReference; lastKnownFileType = sourcecode.c.objc; path = ListRunningApplicationTests.m; sourceTree = "<group>"; };
/* End PBXFileReference section */

/* Begin PBXFrameworksBuildPhase section */
		308383581924AFE5008A958F /* Frameworks */ = {
			isa = PBXFrameworksBuildPhase;
			buildActionMask = 2147483647;
			files = (
				3083835F1924AFE5008A958F /* Cocoa.framework in Frameworks */,
			);
			runOnlyForDeploymentPostprocessing = 0;
		};
		308383791924AFE5008A958F /* Frameworks */ = {
			isa = PBXFrameworksBuildPhase;
			buildActionMask = 2147483647;
			files = (
				3083837F1924AFE5008A958F /* Cocoa.framework in Frameworks */,
				3083837E1924AFE5008A958F /* XCTest.framework in Frameworks */,
			);
			runOnlyForDeploymentPostprocessing = 0;
		};
/* End PBXFrameworksBuildPhase section */

/* Begin PBXGroup section */
		308383521924AFE5008A958F = {
			isa = PBXGroup;
			children = (
				308383641924AFE5008A958F /* ListRunningApplication */,
				308383821924AFE5008A958F /* ListRunningApplicationTests */,
				3083835D1924AFE5008A958F /* Frameworks */,
				3083835C1924AFE5008A958F /* Products */,
			);
			sourceTree = "<group>";
		};
		3083835C1924AFE5008A958F /* Products */ = {
			isa = PBXGroup;
			children = (
				3083835B1924AFE5008A958F /* ListRunningApplication.app */,
				3083837C1924AFE5008A958F /* ListRunningApplicationTests.xctest */,
			);
			name = Products;
			sourceTree = "<group>";
		};
		3083835D1924AFE5008A958F /* Frameworks */ = {
			isa = PBXGroup;
			children = (
				3083835E1924AFE5008A958F /* Cocoa.framework */,
				3083837D1924AFE5008A958F /* XCTest.framework */,
				308383601924AFE5008A958F /* Other Frameworks */,
			);
			name = Frameworks;
			sourceTree = "<group>";
		};
		308383601924AFE5008A958F /* Other Frameworks */ = {
			isa = PBXGroup;
			children = (
				308383611924AFE5008A958F /* AppKit.framework */,
				308383621924AFE5008A958F /* CoreData.framework */,
				308383631924AFE5008A958F /* Foundation.framework */,
			);
			name = "Other Frameworks";
			sourceTree = "<group>";
		};
		308383641924AFE5008A958F /* ListRunningApplication */ = {
			isa = PBXGroup;
			children = (
				308383701924AFE5008A958F /* DYAppDelegate.h */,
				308383711924AFE5008A958F /* DYAppDelegate.m */,
				308383731924AFE5008A958F /* MainMenu.xib */,
				308383761924AFE5008A958F /* Images.xcassets */,
				308383651924AFE5008A958F /* Supporting Files */,
			);
			path = ListRunningApplication;
			sourceTree = "<group>";
		};
		308383651924AFE5008A958F /* Supporting Files */ = {
			isa = PBXGroup;
			children = (
				308383661924AFE5008A958F /* ListRunningApplication-Info.plist */,
				308383671924AFE5008A958F /* InfoPlist.strings */,
				3083836A1924AFE5008A958F /* main.m */,
				3083836C1924AFE5008A958F /* ListRunningApplication-Prefix.pch */,
				3083836D1924AFE5008A958F /* Credits.rtf */,
			);
			name = "Supporting Files";
			sourceTree = "<group>";
		};
		308383821924AFE5008A958F /* ListRunningApplicationTests */ = {
			isa = PBXGroup;
			children = (
				308383881924AFE5008A958F /* ListRunningApplicationTests.m */,
				308383831924AFE5008A958F /* Supporting Files */,
			);
			path = ListRunningApplicationTests;
			sourceTree = "<group>";
		};
		308383831924AFE5008A958F /* Supporting Files */ = {
			isa = PBXGroup;
			children = (
				308383841924AFE5008A958F /* ListRunningApplicationTests-Info.plist */,
				308383851924AFE5008A958F /* InfoPlist.strings */,
			);
			name = "Supporting Files";
			sourceTree = "<group>";
		};
/* End PBXGroup section */

/* Begin PBXNativeTarget section */
		3083835A1924AFE5008A958F /* ListRunningApplication */ = {
			isa = PBXNativeTarget;
			buildConfigurationList = 3083838C1924AFE5008A958F /* Build configuration list for PBXNativeTarget "ListRunningApplication" */;
			buildPhases = (
				308383571924AFE5008A958F /* Sources */,
				308383581924AFE5008A958F /* Frameworks */,
				308383591924AFE5008A958F /* Resources */,
			);
			buildRules = (
			);
			dependencies = (
			);
			name = ListRunningApplication;
			productName = ListRunningApplication;
			productReference = 3083835B1924AFE5008A958F /* ListRunningApplication.app */;
			productType = "com.apple.product-type.application";
		};
		3083837B1924AFE5008A958F /* ListRunningApplicationTests */ = {
			isa = PBXNativeTarget;
			buildConfigurationList = 3083838F1924AFE5008A958F /* Build configuration list for PBXNativeTarget "ListRunningApplicationTests" */;
			buildPhases = (
				308383781924AFE5008A958F /* Sources */,
				308383791924AFE5008A958F /* Frameworks */,
				3083837A1924AFE5008A958F /* Resources */,
			);
			buildRules = (
			);
			dependencies = (
				308383811924AFE5008A958F /* PBXTargetDependency */,
			);
			name = ListRunningApplicationTests;
			productName = ListRunningApplicationTests;
			productReference = 3083837C1924AFE5008A958F /* ListRunningApplicationTests.xctest */;
			productType = "com.apple.product-type.bundle.unit-test";
		};
/* End PBXNativeTarget section */

/* Begin PBXProject section */
		308383531924AFE5008A958F /* Project object */ = {
			isa = PBXProject;
			attributes = {
				CLASSPREFIX = DY;
				LastUpgradeCheck = 0510;
				ORGANIZATIONNAME = danny;
				TargetAttributes = {
					3083837B1924AFE5008A958F = {
						TestTargetID = 3083835A1924AFE5008A958F;
					};
				};
			};
			buildConfigurationList = 308383561924AFE5008A958F /* Build configuration list for PBXProject "ListRunningApplication" */;
			compatibilityVersion = "Xcode 3.2";
			developmentRegion = English;
			hasScannedForEncodings = 0;
			knownRegions = (
				en,
				Base,
			);
			mainGroup = 308383521924AFE5008A958F;
			productRefGroup = 3083835C1924AFE5008A958F /* Products */;
			projectDirPath = "";
			projectRoot = "";
			targets = (
				3083835A1924AFE5008A958F /* ListRunningApplication */,
				3083837B1924AFE5008A958F /* ListRunningApplicationTests */,
			);
		};
/* End PBXProject section */

/* Begin PBXResourcesBuildPhase section */
		308383591924AFE5008A958F /* Resources */ = {
			isa = PBXResourcesBuildPhase;
			buildActionMask = 2147483647;
			files = (
				308383691924AFE5008A958F /* InfoPlist.strings in Resources */,
				308383771924AFE5008A958F /* Images.xcassets in Resources */,
				3083836F1924AFE5008A958F /* Credits.rtf in Resources */,
				308383751924AFE5008A958F /* MainMenu.xib in Resources */,
			);
			runOnlyForDeploymentPostprocessing = 0;
		};
		3083837A1924AFE5008A958F /* Resources */ = {
			isa = PBXResourcesBuildPhase;
			buildActionMask = 2147483647;
			files = (
				308383871924AFE5008A958F /* InfoPlist.strings in Resources */,
			);
			runOnlyForDeploymentPostprocessing = 0;
		};
/* End PBXResourcesBuildPhase section */

/* Begin PBXSourcesBuildPhase section */
		308383571924AFE5008A958F /* Sources */ = {
			isa = PBXSourcesBuildPhase;
			buildActionMask = 2147483647;
			files = (
				3083836B1924AFE5008A958F /* main.m in Sources */,
				308383721924AFE5008A958F /* DYAppDelegate.m in Sources */,
			);
			runOnlyForDeploymentPostprocessing = 0;
		};
		308383781924AFE5008A958F /* Sources */ = {
			isa = PBXSourcesBuildPhase;
			buildActionMask = 2147483647;
			files = (
				308383891924AFE5008A958F /* ListRunningApplicationTests.m in Sources */,
			);
			runOnlyForDeploymentPostprocessing = 0;
		};
/* End PBXSourcesBuildPhase section */

/* Begin PBXTargetDependency section */
		308383811924AFE5008A958F /* PBXTargetDependency */ = {
			isa = PBXTargetDependency;
			target = 3083835A1924AFE5008A958F /* ListRunningApplication */;
			targetProxy = 308383801924AFE5008A958F /* PBXContainerItemProxy */;
		};
/* End PBXTargetDependency section */

/* Begin PBXVariantGroup section */
		308383671924AFE5008A958F /* InfoPlist.strings */ = {
			isa = PBXVariantGroup;
			children = (
				308383681924AFE5008A958F /* en */,
			);
			name = InfoPlist.strings;
			sourceTree = "<group>";
		};
		3083836D1924AFE5008A958F /* Credits.rtf */ = {
			isa = PBXVariantGroup;
			children = (
				3083836E1924AFE5008A958F /* en */,
			);
			name = Credits.rtf;
			sourceTree = "<group>";
		};
		308383731924AFE5008A958F /* MainMenu.xib */ = {
			isa = PBXVariantGroup;
			children = (
				308383741924AFE5008A958F /* Base */,
			);
			name = MainMenu.xib;
			sourceTree = "<group>";
		};
		308383851924AFE5008A958F /* InfoPlist.strings */ = {
			isa = PBXVariantGroup;
			children = (
				308383861924AFE5008A958F /* en */,
			);
			name = InfoPlist.strings;
			sourceTree = "<group>";
		};
/* End PBXVariantGroup section */

/* Begin XCBuildConfiguration section */
		3083838A1924AFE5008A958F /* Debug */ = {
			isa = XCBuildConfiguration;
			buildSettings = {
				ALWAYS_SEARCH_USER_PATHS = NO;
				CLANG_CXX_LANGUAGE_STANDARD = "gnu++0x";
				CLANG_CXX_LIBRARY = "libc++";
				CLANG_ENABLE_MODULES = YES;
				CLANG_ENABLE_OBJC_ARC = YES;
				CLANG_WARN_BOOL_CONVERSION = YES;
				CLANG_WARN_CONSTANT_CONVERSION = YES;
				CLANG_WARN_DIRECT_OBJC_ISA_USAGE = YES_ERROR;
				CLANG_WARN_EMPTY_BODY = YES;
				CLANG_WARN_ENUM_CONVERSION = YES;
				CLANG_WARN_INT_CONVERSION = YES;
				CLANG_WARN_OBJC_ROOT_CLASS = YES_ERROR;
				CLANG_WARN__DUPLICATE_METHOD_MATCH = YES;
				COPY_PHASE_STRIP = NO;
				GCC_C_LANGUAGE_STANDARD = gnu99;
				GCC_DYNAMIC_NO_PIC = NO;
				GCC_ENABLE_OBJC_EXCEPTIONS = YES;
				GCC_OPTIMIZATION_LEVEL = 0;
				GCC_PREPROCESSOR_DEFINITIONS = (
					"DEBUG=1",
					"$(inherited)",
				);
				GCC_SYMBOLS_PRIVATE_EXTERN = NO;
				GCC_WARN_64_TO_32_BIT_CONVERSION = YES;
				GCC_WARN_ABOUT_RETURN_TYPE = YES_ERROR;
				GCC_WARN_UNDECLARED_SELECTOR = YES;
				GCC_WARN_UNINITIALIZED_AUTOS = YES_AGGRESSIVE;
				GCC_WARN_UNUSED_FUNCTION = YES;
				GCC_WARN_UNUSED_VARIABLE = YES;
				MACOSX_DEPLOYMENT_TARGET = 10.8;
				ONLY_ACTIVE_ARCH = YES;
				SDKROOT = macosx;
			};
			name = Debug;
		};
		3083838B1924AFE5008A958F /* Release */ = {
			isa = XCBuildConfiguration;
			buildSettings = {
				ALWAYS_SEARCH_USER_PATHS = NO;
				CLANG_CXX_LANGUAGE_STANDARD = "gnu++0x";
				CLANG_CXX_LIBRARY = "libc++";
				CLANG_ENABLE_MODULES = YES;
				CLANG_ENABLE_OBJC_ARC = YES;
				CLANG_WARN_BOOL_CONVERSION = YES;
				CLANG_WARN_CONSTANT_CONVERSION = YES;
				CLANG_WARN_DIRECT_OBJC_ISA_USAGE = YES_ERROR;
				CLANG_WARN_EMPTY_BODY = YES;
				CLANG_WARN_ENUM_CONVERSION = YES;
				CLANG_WARN_INT_CONVERSION = YES;
				CLANG_WARN_OBJC_ROOT_CLASS = YES_ERROR;
				CLANG_WARN__DUPLICATE_METHOD_MATCH = YES;
				COPY_PHASE_STRIP = YES;
				DEBUG_INFORMATION_FORMAT = "dwarf-with-dsym";
				ENABLE_NS_ASSERTIONS = NO;
				GCC_C_LANGUAGE_STANDARD = gnu99;
				GCC_ENABLE_OBJC_EXCEPTIONS = YES;
				GCC_WARN_64_TO_32_BIT_CONVERSION = YES;
				GCC_WARN_ABOUT_RETURN_TYPE = YES_ERROR;
				GCC_WARN_UNDECLARED_SELECTOR = YES;
				GCC_WARN_UNINITIALIZED_AUTOS = YES_AGGRESSIVE;
				GCC_WARN_UNUSED_FUNCTION = YES;
				GCC_WARN_UNUSED_VARIABLE = YES;
				MACOSX_DEPLOYMENT_TARGET = 10.8;
				SDKROOT = macosx;
			};
			name = Release;
		};
		3083838D1924AFE5008A958F /* Debug */ = {
			isa = XCBuildConfiguration;
			buildSettings = {
				ASSETCATALOG_COMPILER_APPICON_NAME = AppIcon;
				COMBINE_HIDPI_IMAGES = YES;
				GCC_PRECOMPILE_PREFIX_HEADER = YES;
				GCC_PREFIX_HEADER = "ListRunningApplication/ListRunningApplication-Prefix.pch";
				INFOPLIST_FILE = "ListRunningApplication/ListRunningApplication-Info.plist";
				MACOSX_DEPLOYMENT_TARGET = 10.8;
				PRODUCT_NAME = "$(TARGET_NAME)";
				WRAPPER_EXTENSION = app;
			};
			name = Debug;
		};
		3083838E1924AFE5008A958F /* Release */ = {
			isa = XCBuildConfiguration;
			buildSettings = {
				ASSETCATALOG_COMPILER_APPICON_NAME = AppIcon;
				COMBINE_HIDPI_IMAGES = YES;
				GCC_PRECOMPILE_PREFIX_HEADER = YES;
				GCC_PREFIX_HEADER = "ListRunningApplication/ListRunningApplication-Prefix.pch";
				INFOPLIST_FILE = "ListRunningApplication/ListRunningApplication-Info.plist";
				MACOSX_DEPLOYMENT_TARGET = 10.8;
				PRODUCT_NAME = "$(TARGET_NAME)";
				WRAPPER_EXTENSION = app;
			};
			name = Release;
		};
		308383901924AFE5008A958F /* Debug */ = {
			isa = XCBuildConfiguration;
			buildSettings = {
				BUNDLE_LOADER = "$(BUILT_PRODUCTS_DIR)/ListRunningApplication.app/Contents/MacOS/ListRunningApplication";
				COMBINE_HIDPI_IMAGES = YES;
				FRAMEWORK_SEARCH_PATHS = (
					"$(DEVELOPER_FRAMEWORKS_DIR)",
					"$(inherited)",
				);
				GCC_PRECOMPILE_PREFIX_HEADER = YES;
				GCC_PREFIX_HEADER = "ListRunningApplication/ListRunningApplication-Prefix.pch";
				GCC_PREPROCESSOR_DEFINITIONS = (
					"DEBUG=1",
					"$(inherited)",
				);
				INFOPLIST_FILE = "ListRunningApplicationTests/ListRunningApplicationTests-Info.plist";
				PRODUCT_NAME = "$(TARGET_NAME)";
				TEST_HOST = "$(BUNDLE_LOADER)";
				WRAPPER_EXTENSION = xctest;
			};
			name = Debug;
		};
		308383911924AFE5008A958F /* Release */ = {
			isa = XCBuildConfiguration;
			buildSettings = {
				BUNDLE_LOADER = "$(BUILT_PRODUCTS_DIR)/ListRunningApplication.app/Contents/MacOS/ListRunningApplication";
				COMBINE_HIDPI_IMAGES = YES;
				FRAMEWORK_SEARCH_PATHS = (
					"$(DEVELOPER_FRAMEWORKS_DIR)",
					"$(inherited)",
				);
				GCC_PRECOMPILE_PREFIX_HEADER = YES;
				GCC_PREFIX_HEADER = "ListRunningApplication/ListRunningApplication-Prefix.pch";
				INFOPLIST_FILE = "ListRunningApplicationTests/ListRunningApplicationTests-Info.plist";
				PRODUCT_NAME = "$(TARGET_NAME)";
				TEST_HOST = "$(BUNDLE_LOADER)";
				WRAPPER_EXTENSION = xctest;
			};
			name = Release;
		};
/* End XCBuildConfiguration section */

/* Begin XCConfigurationList section */
		308383561924AFE5008A958F /* Build configuration list for PBXProject "ListRunningApplication" */ = {
			isa = XCConfigurationList;
			buildConfigurations = (
				3083838A1924AFE5008A958F /* Debug */,
				3083838B1924AFE5008A958F /* Release */,
			);
			defaultConfigurationIsVisible = 0;
			defaultConfigurationName = Release;
		};
		3083838C1924AFE5008A958F /* Build configuration list for PBXNativeTarget "ListRunningApplication" */ = {
			isa = XCConfigurationList;
			buildConfigurations = (
				3083838D1924AFE5008A958F /* Debug */,
				3083838E1924AFE5008A958F /* Release */,
			);
			defaultConfigurationIsVisible = 0;
		};
		3083838F1924AFE5008A958F /* Build configuration list for PBXNativeTarget "ListRunningApplicationTests" */ = {
			isa = XCConfigurationList;
			buildConfigurations = (
				308383901924AFE5008A958F /* Debug */,
				308383911924AFE5008A958F /* Release */,
			);
			defaultConfigurationIsVisible = 0;
		};
/* End XCConfigurationList section */
	};
	rootObject = 308383531924AFE5008A958F /* Project object */;
}
